{
  "name": "forkup",
  "version": "0.3.0",
  "lockfileVersion": 1,
  "requires": true,
  "dependencies": {
    "parse-dat-url": {
      "version": "3.0.3",
      "resolved": "https://registry.npmjs.org/parse-dat-url/-/parse-dat-url-3.0.3.tgz",
      "integrity": "sha512-7a/rNzaZqhOHlZ1rwxz4xmERI47PpnAkuqbnkne9IH91D/pQ2T0+g5jK9kVUCp+jKHYRA0j4kbsyaluiF9XoaA=="
    }
  }
}
